
Microsoft Visual Studio Solution File, Format Version 12.00
# Visual Studio Version 16
VisualStudioVersion = 16.0.31613.86
MinimumVisualStudioVersion = 10.0.40219.1
Project("{FAE04EC0-301F-11D3-BF4B-00C04F79EFBC}") = "ConsolaPresentismo", "ConsolaPresentismo\ConsolaPresentismo.csproj", "{E75EE249-F711-4C66-85C7-2390663DCA5A}"
EndProject
Project("{FAE04EC0-301F-11D3-BF4B-00C04F79EFBC}") = "ClasesPresentismo", "ClasesPresentismo\ClasesPresentismo.csproj", "{04034D93-E688-4CB7-97FA-A30B7AEF3456}"
EndProject
Global
	GlobalSection(SolutionConfigurationPlatforms) = preSolution
		Debug|Any CPU = Debug|Any CPU
		Release|Any CPU = Release|Any CPU
	EndGlobalSection
	GlobalSection(ProjectConfigurationPlatforms) = postSolution
		{E75EE249-F711-4C66-85C7-2390663DCA5A}.Debug|Any CPU.ActiveCfg = Debug|Any CPU
		{E75EE249-F711-4C66-85C7-2390663DCA5A}.Debug|Any CPU.Build.0 = Debug|Any CPU
		{E75EE249-F711-4C66-85C7-2390663DCA5A}.Release|Any CPU.ActiveCfg = Release|Any CPU
		{E75EE249-F711-4C66-85C7-2390663DCA5A}.Release|Any CPU.Build.0 = Release|Any CPU
		{04034D93-E688-4CB7-97FA-A30B7AEF3456}.Debug|Any CPU.ActiveCfg = Debug|Any CPU
		{04034D93-E688-4CB7-97FA-A30B7AEF3456}.Debug|Any CPU.Build.0 = Debug|Any CPU
		{04034D93-E688-4CB7-97FA-A30B7AEF3456}.Release|Any CPU.ActiveCfg = Release|Any CPU
		{04034D93-E688-4CB7-97FA-A30B7AEF3456}.Release|Any CPU.Build.0 = Release|Any CPU
	EndGlobalSection
	GlobalSection(SolutionProperties) = preSolution
		HideSolutionNode = FALSE
	EndGlobalSection
	GlobalSection(ExtensibilityGlobals) = postSolution
		SolutionGuid = {C052D9C9-849F-4F34-AAE5-EC7FC83367CE}
	EndGlobalSection
EndGlobal
